
Microsoft Visual Studio Solution File, Format Version 12.00
# Visual Studio Version 16
VisualStudioVersion = 16.0.30011.22
MinimumVisualStudioVersion = 10.0.40219.1
Project("{FAE04EC0-301F-11D3-BF4B-00C04F79EFBC}") = "while1", "while1\while1.csproj", "{7B923481-A144-4916-B69E-B54F1E90B29E}"
EndProject
Global
	GlobalSection(SolutionConfigurationPlatforms) = preSolution
		Debug|Any CPU = Debug|Any CPU
		Release|Any CPU = Release|Any CPU
	EndGlobalSection
	GlobalSection(ProjectConfigurationPlatforms) = postSolution
		{7B923481-A144-4916-B69E-B54F1E90B29E}.Debug|Any CPU.ActiveCfg = Debug|Any CPU
		{7B923481-A144-4916-B69E-B54F1E90B29E}.Debug|Any CPU.Build.0 = Debug|Any CPU
		{7B923481-A144-4916-B69E-B54F1E90B29E}.Release|Any CPU.ActiveCfg = Release|Any CPU
		{7B923481-A144-4916-B69E-B54F1E90B29E}.Release|Any CPU.Build.0 = Release|Any CPU
	EndGlobalSection
	GlobalSection(SolutionProperties) = preSolution
		HideSolutionNode = FALSE
	EndGlobalSection
	GlobalSection(ExtensibilityGlobals) = postSolution
		SolutionGuid = {78473452-1DC5-4C16-A160-12F514A0A39C}
	EndGlobalSection
EndGlobal
