
Microsoft Visual Studio Solution File, Format Version 12.00
# Visual Studio Version 16
VisualStudioVersion = 16.0.30011.22
MinimumVisualStudioVersion = 10.0.40219.1
Project("{FAE04EC0-301F-11D3-BF4B-00C04F79EFBC}") = "exercicioVetor8", "exercicioVetor8\exercicioVetor8.csproj", "{EA012B7F-ADE0-4F71-B7EC-72C438581B84}"
EndProject
Global
	GlobalSection(SolutionConfigurationPlatforms) = preSolution
		Debug|Any CPU = Debug|Any CPU
		Release|Any CPU = Release|Any CPU
	EndGlobalSection
	GlobalSection(ProjectConfigurationPlatforms) = postSolution
		{EA012B7F-ADE0-4F71-B7EC-72C438581B84}.Debug|Any CPU.ActiveCfg = Debug|Any CPU
		{EA012B7F-ADE0-4F71-B7EC-72C438581B84}.Debug|Any CPU.Build.0 = Debug|Any CPU
		{EA012B7F-ADE0-4F71-B7EC-72C438581B84}.Release|Any CPU.ActiveCfg = Release|Any CPU
		{EA012B7F-ADE0-4F71-B7EC-72C438581B84}.Release|Any CPU.Build.0 = Release|Any CPU
	EndGlobalSection
	GlobalSection(SolutionProperties) = preSolution
		HideSolutionNode = FALSE
	EndGlobalSection
	GlobalSection(ExtensibilityGlobals) = postSolution
		SolutionGuid = {A7E14D42-9ADF-407B-8F50-CF9D9E35E3E9}
	EndGlobalSection
EndGlobal
