
Microsoft Visual Studio Solution File, Format Version 12.00
# Visual Studio Version 16
VisualStudioVersion = 16.0.30011.22
MinimumVisualStudioVersion = 10.0.40219.1
Project("{FAE04EC0-301F-11D3-BF4B-00C04F79EFBC}") = "oo4", "oo4\oo4.csproj", "{D202B8E7-22DF-487C-A497-6EFE93CBCA37}"
EndProject
Global
	GlobalSection(SolutionConfigurationPlatforms) = preSolution
		Debug|Any CPU = Debug|Any CPU
		Release|Any CPU = Release|Any CPU
	EndGlobalSection
	GlobalSection(ProjectConfigurationPlatforms) = postSolution
		{D202B8E7-22DF-487C-A497-6EFE93CBCA37}.Debug|Any CPU.ActiveCfg = Debug|Any CPU
		{D202B8E7-22DF-487C-A497-6EFE93CBCA37}.Debug|Any CPU.Build.0 = Debug|Any CPU
		{D202B8E7-22DF-487C-A497-6EFE93CBCA37}.Release|Any CPU.ActiveCfg = Release|Any CPU
		{D202B8E7-22DF-487C-A497-6EFE93CBCA37}.Release|Any CPU.Build.0 = Release|Any CPU
	EndGlobalSection
	GlobalSection(SolutionProperties) = preSolution
		HideSolutionNode = FALSE
	EndGlobalSection
	GlobalSection(ExtensibilityGlobals) = postSolution
		SolutionGuid = {3A9EB876-9D4B-4476-91AA-FD031D2E82FD}
	EndGlobalSection
EndGlobal
