
Microsoft Visual Studio Solution File, Format Version 12.00
# Visual Studio Version 16
VisualStudioVersion = 16.0.30011.22
MinimumVisualStudioVersion = 10.0.40219.1
Project("{FAE04EC0-301F-11D3-BF4B-00C04F79EFBC}") = "exercicioVetor2", "exercicioVetor2\exercicioVetor2.csproj", "{CA06823D-721F-41EC-A415-AD8BAC7377D9}"
EndProject
Global
	GlobalSection(SolutionConfigurationPlatforms) = preSolution
		Debug|Any CPU = Debug|Any CPU
		Release|Any CPU = Release|Any CPU
	EndGlobalSection
	GlobalSection(ProjectConfigurationPlatforms) = postSolution
		{CA06823D-721F-41EC-A415-AD8BAC7377D9}.Debug|Any CPU.ActiveCfg = Debug|Any CPU
		{CA06823D-721F-41EC-A415-AD8BAC7377D9}.Debug|Any CPU.Build.0 = Debug|Any CPU
		{CA06823D-721F-41EC-A415-AD8BAC7377D9}.Release|Any CPU.ActiveCfg = Release|Any CPU
		{CA06823D-721F-41EC-A415-AD8BAC7377D9}.Release|Any CPU.Build.0 = Release|Any CPU
	EndGlobalSection
	GlobalSection(SolutionProperties) = preSolution
		HideSolutionNode = FALSE
	EndGlobalSection
	GlobalSection(ExtensibilityGlobals) = postSolution
		SolutionGuid = {541B9848-AD56-464D-A9B2-C1B4F3A4B22E}
	EndGlobalSection
EndGlobal
