
Microsoft Visual Studio Solution File, Format Version 12.00
# Visual Studio Version 16
VisualStudioVersion = 16.0.30011.22
MinimumVisualStudioVersion = 10.0.40219.1
Project("{FAE04EC0-301F-11D3-BF4B-00C04F79EFBC}") = "exercicioMatriz5", "exercicioMatriz5\exercicioMatriz5.csproj", "{2BB474FC-CF03-42CE-9BEA-FF23C80A252E}"
EndProject
Global
	GlobalSection(SolutionConfigurationPlatforms) = preSolution
		Debug|Any CPU = Debug|Any CPU
		Release|Any CPU = Release|Any CPU
	EndGlobalSection
	GlobalSection(ProjectConfigurationPlatforms) = postSolution
		{2BB474FC-CF03-42CE-9BEA-FF23C80A252E}.Debug|Any CPU.ActiveCfg = Debug|Any CPU
		{2BB474FC-CF03-42CE-9BEA-FF23C80A252E}.Debug|Any CPU.Build.0 = Debug|Any CPU
		{2BB474FC-CF03-42CE-9BEA-FF23C80A252E}.Release|Any CPU.ActiveCfg = Release|Any CPU
		{2BB474FC-CF03-42CE-9BEA-FF23C80A252E}.Release|Any CPU.Build.0 = Release|Any CPU
	EndGlobalSection
	GlobalSection(SolutionProperties) = preSolution
		HideSolutionNode = FALSE
	EndGlobalSection
	GlobalSection(ExtensibilityGlobals) = postSolution
		SolutionGuid = {89607FDE-F4D7-47E0-ACD3-A1391F229539}
	EndGlobalSection
EndGlobal
