
Microsoft Visual Studio Solution File, Format Version 12.00
# Visual Studio Version 16
VisualStudioVersion = 16.0.30011.22
MinimumVisualStudioVersion = 10.0.40219.1
Project("{FAE04EC0-301F-11D3-BF4B-00C04F79EFBC}") = "exercicioVetor9", "exercicioVetor9\exercicioVetor9.csproj", "{89E4723E-0CE9-4B44-A0EC-1A3A66B81F64}"
EndProject
Global
	GlobalSection(SolutionConfigurationPlatforms) = preSolution
		Debug|Any CPU = Debug|Any CPU
		Release|Any CPU = Release|Any CPU
	EndGlobalSection
	GlobalSection(ProjectConfigurationPlatforms) = postSolution
		{89E4723E-0CE9-4B44-A0EC-1A3A66B81F64}.Debug|Any CPU.ActiveCfg = Debug|Any CPU
		{89E4723E-0CE9-4B44-A0EC-1A3A66B81F64}.Debug|Any CPU.Build.0 = Debug|Any CPU
		{89E4723E-0CE9-4B44-A0EC-1A3A66B81F64}.Release|Any CPU.ActiveCfg = Release|Any CPU
		{89E4723E-0CE9-4B44-A0EC-1A3A66B81F64}.Release|Any CPU.Build.0 = Release|Any CPU
	EndGlobalSection
	GlobalSection(SolutionProperties) = preSolution
		HideSolutionNode = FALSE
	EndGlobalSection
	GlobalSection(ExtensibilityGlobals) = postSolution
		SolutionGuid = {8500EBE1-6476-4A9B-A583-816BAA69473D}
	EndGlobalSection
EndGlobal
