
Microsoft Visual Studio Solution File, Format Version 12.00
# Visual Studio Version 16
VisualStudioVersion = 16.0.30011.22
MinimumVisualStudioVersion = 10.0.40219.1
Project("{FAE04EC0-301F-11D3-BF4B-00C04F79EFBC}") = "ifelse6", "ifelse6\ifelse6.csproj", "{5DD18FCB-E039-49AA-90FA-9390EBFFC544}"
EndProject
Global
	GlobalSection(SolutionConfigurationPlatforms) = preSolution
		Debug|Any CPU = Debug|Any CPU
		Release|Any CPU = Release|Any CPU
	EndGlobalSection
	GlobalSection(ProjectConfigurationPlatforms) = postSolution
		{5DD18FCB-E039-49AA-90FA-9390EBFFC544}.Debug|Any CPU.ActiveCfg = Debug|Any CPU
		{5DD18FCB-E039-49AA-90FA-9390EBFFC544}.Debug|Any CPU.Build.0 = Debug|Any CPU
		{5DD18FCB-E039-49AA-90FA-9390EBFFC544}.Release|Any CPU.ActiveCfg = Release|Any CPU
		{5DD18FCB-E039-49AA-90FA-9390EBFFC544}.Release|Any CPU.Build.0 = Release|Any CPU
	EndGlobalSection
	GlobalSection(SolutionProperties) = preSolution
		HideSolutionNode = FALSE
	EndGlobalSection
	GlobalSection(ExtensibilityGlobals) = postSolution
		SolutionGuid = {8534239C-23C8-4F0F-B11C-6AFDE58CE3BD}
	EndGlobalSection
EndGlobal
