
Microsoft Visual Studio Solution File, Format Version 12.00
# Visual Studio Version 16
VisualStudioVersion = 16.0.30011.22
MinimumVisualStudioVersion = 10.0.40219.1
Project("{FAE04EC0-301F-11D3-BF4B-00C04F79EFBC}") = "oo12Vetor", "oo12Vetor\oo12Vetor.csproj", "{9B1034C3-EDF5-46EF-904A-804576DECBE5}"
EndProject
Global
	GlobalSection(SolutionConfigurationPlatforms) = preSolution
		Debug|Any CPU = Debug|Any CPU
		Release|Any CPU = Release|Any CPU
	EndGlobalSection
	GlobalSection(ProjectConfigurationPlatforms) = postSolution
		{9B1034C3-EDF5-46EF-904A-804576DECBE5}.Debug|Any CPU.ActiveCfg = Debug|Any CPU
		{9B1034C3-EDF5-46EF-904A-804576DECBE5}.Debug|Any CPU.Build.0 = Debug|Any CPU
		{9B1034C3-EDF5-46EF-904A-804576DECBE5}.Release|Any CPU.ActiveCfg = Release|Any CPU
		{9B1034C3-EDF5-46EF-904A-804576DECBE5}.Release|Any CPU.Build.0 = Release|Any CPU
	EndGlobalSection
	GlobalSection(SolutionProperties) = preSolution
		HideSolutionNode = FALSE
	EndGlobalSection
	GlobalSection(ExtensibilityGlobals) = postSolution
		SolutionGuid = {28BE3F91-C759-40C4-A1E3-479A18928907}
	EndGlobalSection
EndGlobal
